// !$*UTF8*$!
{
	archiveVersion = 1;
	classes = {
	};
	objectVersion = 46;
	objects = {

/* Begin PBXBuildFile section */
		C634D63B1D1C44FA00147D3A /* PlaySoundsViewController.swift in Sources */ = {isa = PBXBuildFile; fileRef = C634D63A1D1C44FA00147D3A /* PlaySoundsViewController.swift */; };
		C634D63D1D1C571A00147D3A /* PlaySoundsViewController+Audio.swift in Sources */ = {isa = PBXBuildFile; fileRef = C634D63C1D1C571A00147D3A /* PlaySoundsViewController+Audio.swift */; };
		C6CEB3071D19A12B00C344D0 /* AppDelegate.swift in Sources */ = {isa = PBXBuildFile; fileRef = C6CEB3061D19A12B00C344D0 /* AppDelegate.swift */; };
		C6CEB3091D19A12B00C344D0 /* RecordSoundsViewController.swift in Sources */ = {isa = PBXBuildFile; fileRef = C6CEB3081D19A12B00C344D0 /* RecordSoundsViewController.swift */; };
		C6CEB30C1D19A12B00C344D0 /* Main.storyboard in Resources */ = {isa = PBXBuildFile; fileRef = C6CEB30A1D19A12B00C344D0 /* Main.storyboard */; };
		C6CEB30E1D19A12B00C344D0 /* Assets.xcassets in Resources */ = {isa = PBXBuildFile; fileRef = C6CEB30D1D19A12B00C344D0 /* Assets.xcassets */; };
		C6CEB3111D19A12B00C344D0 /* LaunchScreen.storyboard in Resources */ = {isa = PBXBuildFile; fileRef = C6CEB30F1D19A12B00C344D0 /* LaunchScreen.storyboard */; };
		C6CEB31C1D19A12B00C344D0 /* Pitch_PerfectTests.swift in Sources */ = {isa = PBXBuildFile; fileRef = C6CEB31B1D19A12B00C344D0 /* Pitch_PerfectTests.swift */; };
		C6CEB3271D19A12B00C344D0 /* Pitch_PerfectUITests.swift in Sources */ = {isa = PBXBuildFile; fileRef = C6CEB3261D19A12B00C344D0 /* Pitch_PerfectUITests.swift */; };
/* End PBXBuildFile section */

/* Begin PBXContainerItemProxy section */
		C6CEB3181D19A12B00C344D0 /* PBXContainerItemProxy */ = {
			isa = PBXContainerItemProxy;
			containerPortal = C6CEB2FB1D19A12B00C344D0 /* Project object */;
			proxyType = 1;
			remoteGlobalIDString = C6CEB3021D19A12B00C344D0;
			remoteInfo = "Pitch Perfect";
		};
		C6CEB3231D19A12B00C344D0 /* PBXContainerItemProxy */ = {
			isa = PBXContainerItemProxy;
			containerPortal = C6CEB2FB1D19A12B00C344D0 /* Project object */;
			proxyType = 1;
			remoteGlobalIDString = C6CEB3021D19A12B00C344D0;
			remoteInfo = "Pitch Perfect";
		};
/* End PBXContainerItemProxy section */

/* Begin PBXFileReference section */
		C634D63A1D1C44FA00147D3A /* PlaySoundsViewController.swift */ = {isa = PBXFileReference; fileEncoding = 4; lastKnownFileType = sourcecode.swift; path = PlaySoundsViewController.swift; sourceTree = "<group>"; };
		C634D63C1D1C571A00147D3A /* PlaySoundsViewController+Audio.swift */ = {isa = PBXFileReference; fileEncoding = 4; lastKnownFileType = sourcecode.swift; path = "PlaySoundsViewController+Audio.swift"; sourceTree = "<group>"; };
		C6CEB3031D19A12B00C344D0 /* Pitch Perfect.app */ = {isa = PBXFileReference; explicitFileType = wrapper.application; includeInIndex = 0; path = "Pitch Perfect.app"; sourceTree = BUILT_PRODUCTS_DIR; };
		C6CEB3061D19A12B00C344D0 /* AppDelegate.swift */ = {isa = PBXFileReference; lastKnownFileType = sourcecode.swift; path = AppDelegate.swift; sourceTree = "<group>"; };
		C6CEB3081D19A12B00C344D0 /* RecordSoundsViewController.swift */ = {isa = PBXFileReference; lastKnownFileType = sourcecode.swift; path = RecordSoundsViewController.swift; sourceTree = "<group>"; };
		C6CEB30B1D19A12B00C344D0 /* Base */ = {isa = PBXFileReference; lastKnownFileType = file.storyboard; name = Base; path = Base.lproj/Main.storyboard; sourceTree = "<group>"; };
		C6CEB30D1D19A12B00C344D0 /* Assets.xcassets */ = {isa = PBXFileReference; lastKnownFileType = folder.assetcatalog; path = Assets.xcassets; sourceTree = "<group>"; };
		C6CEB3101D19A12B00C344D0 /* Base */ = {isa = PBXFileReference; lastKnownFileType = file.storyboard; name = Base; path = Base.lproj/LaunchScreen.storyboard; sourceTree = "<group>"; };
		C6CEB3121D19A12B00C344D0 /* Info.plist */ = {isa = PBXFileReference; lastKnownFileType = text.plist.xml; path = Info.plist; sourceTree = "<group>"; };
		C6CEB3171D19A12B00C344D0 /* Pitch PerfectTests.xctest */ = {isa = PBXFileReference; explicitFileType = wrapper.cfbundle; includeInIndex = 0; path = "Pitch PerfectTests.xctest"; sourceTree = BUILT_PRODUCTS_DIR; };
		C6CEB31B1D19A12B00C344D0 /* Pitch_PerfectTests.swift */ = {isa = PBXFileReference; lastKnownFileType = sourcecode.swift; path = Pitch_PerfectTests.swift; sourceTree = "<group>"; };
		C6CEB31D1D19A12B00C344D0 /* Info.plist */ = {isa = PBXFileReference; lastKnownFileType = text.plist.xml; path = Info.plist; sourceTree = "<group>"; };
		C6CEB3221D19A12B00C344D0 /* Pitch PerfectUITests.xctest */ = {isa = PBXFileReference; explicitFileType = wrapper.cfbundle; includeInIndex = 0; path = "Pitch PerfectUITests.xctest"; sourceTree = BUILT_PRODUCTS_DIR; };
		C6CEB3261D19A12B00C344D0 /* Pitch_PerfectUITests.swift */ = {isa = PBXFileReference; lastKnownFileType = sourcecode.swift; path = Pitch_PerfectUITests.swift; sourceTree = "<group>"; };
		C6CEB3281D19A12B00C344D0 /* Info.plist */ = {isa = PBXFileReference; lastKnownFileType = text.plist.xml; path = Info.plist; sourceTree = "<group>"; };
/* End PBXFileReference section */

/* Begin PBXFrameworksBuildPhase section */
		C6CEB3001D19A12B00C344D0 /* Frameworks */ = {
			isa = PBXFrameworksBuildPhase;
			buildActionMask = 2147483647;
			files = (
			);
			runOnlyForDeploymentPostprocessing = 0;
		};
		C6CEB3141D19A12B00C344D0 /* Frameworks */ = {
			isa = PBXFrameworksBuildPhase;
			buildActionMask = 2147483647;
			files = (
			);
			runOnlyForDeploymentPostprocessing = 0;
		};
		C6CEB31F1D19A12B00C344D0 /* Frameworks */ = {
			isa = PBXFrameworksBuildPhase;
			buildActionMask = 2147483647;
			files = (
			);
			runOnlyForDeploymentPostprocessing = 0;
		};
/* End PBXFrameworksBuildPhase section */

/* Begin PBXGroup section */
		C6CEB2FA1D19A12B00C344D0 = {
			isa = PBXGroup;
			children = (
				C6CEB3051D19A12B00C344D0 /* Pitch Perfect */,
				C6CEB31A1D19A12B00C344D0 /* Pitch PerfectTests */,
				C6CEB3251D19A12B00C344D0 /* Pitch PerfectUITests */,
				C6CEB3041D19A12B00C344D0 /* Products */,
			);
			sourceTree = "<group>";
		};
		C6CEB3041D19A12B00C344D0 /* Products */ = {
			isa = PBXGroup;
			children = (
				C6CEB3031D19A12B00C344D0 /* Pitch Perfect.app */,
				C6CEB3171D19A12B00C344D0 /* Pitch PerfectTests.xctest */,
				C6CEB3221D19A12B00C344D0 /* Pitch PerfectUITests.xctest */,
			);
			name = Products;
			sourceTree = "<group>";
		};
		C6CEB3051D19A12B00C344D0 /* Pitch Perfect */ = {
			isa = PBXGroup;
			children = (
				C634D63C1D1C571A00147D3A /* PlaySoundsViewController+Audio.swift */,
				C6CEB3061D19A12B00C344D0 /* AppDelegate.swift */,
				C6CEB3081D19A12B00C344D0 /* RecordSoundsViewController.swift */,
				C634D63A1D1C44FA00147D3A /* PlaySoundsViewController.swift */,
				C6CEB30A1D19A12B00C344D0 /* Main.storyboard */,
				C6CEB30D1D19A12B00C344D0 /* Assets.xcassets */,
				C6CEB30F1D19A12B00C344D0 /* LaunchScreen.storyboard */,
				C6CEB3121D19A12B00C344D0 /* Info.plist */,
			);
			path = "Pitch Perfect";
			sourceTree = "<group>";
		};
		C6CEB31A1D19A12B00C344D0 /* Pitch PerfectTests */ = {
			isa = PBXGroup;
			children = (
				C6CEB31B1D19A12B00C344D0 /* Pitch_PerfectTests.swift */,
				C6CEB31D1D19A12B00C344D0 /* Info.plist */,
			);
			path = "Pitch PerfectTests";
			sourceTree = "<group>";
		};
		C6CEB3251D19A12B00C344D0 /* Pitch PerfectUITests */ = {
			isa = PBXGroup;
			children = (
				C6CEB3261D19A12B00C344D0 /* Pitch_PerfectUITests.swift */,
				C6CEB3281D19A12B00C344D0 /* Info.plist */,
			);
			path = "Pitch PerfectUITests";
			sourceTree = "<group>";
		};
/* End PBXGroup section */

/* Begin PBXNativeTarget section */
		C6CEB3021D19A12B00C344D0 /* Pitch Perfect */ = {
			isa = PBXNativeTarget;
			buildConfigurationList = C6CEB32B1D19A12B00C344D0 /* Build configuration list for PBXNativeTarget "Pitch Perfect" */;
			buildPhases = (
				C6CEB2FF1D19A12B00C344D0 /* Sources */,
				C6CEB3001D19A12B00C344D0 /* Frameworks */,
				C6CEB3011D19A12B00C344D0 /* Resources */,
			);
			buildRules = (
			);
			dependencies = (
			);
			name = "Pitch Perfect";
			productName = "Pitch Perfect";
			productReference = C6CEB3031D19A12B00C344D0 /* Pitch Perfect.app */;
			productType = "com.apple.product-type.application";
		};
		C6CEB3161D19A12B00C344D0 /* Pitch PerfectTests */ = {
			isa = PBXNativeTarget;
			buildConfigurationList = C6CEB32E1D19A12B00C344D0 /* Build configuration list for PBXNativeTarget "Pitch PerfectTests" */;
			buildPhases = (
				C6CEB3131D19A12B00C344D0 /* Sources */,
				C6CEB3141D19A12B00C344D0 /* Frameworks */,
				C6CEB3151D19A12B00C344D0 /* Resources */,
			);
			buildRules = (
			);
			dependencies = (
				C6CEB3191D19A12B00C344D0 /* PBXTargetDependency */,
			);
			name = "Pitch PerfectTests";
			productName = "Pitch PerfectTests";
			productReference = C6CEB3171D19A12B00C344D0 /* Pitch PerfectTests.xctest */;
			productType = "com.apple.product-type.bundle.unit-test";
		};
		C6CEB3211D19A12B00C344D0 /* Pitch PerfectUITests */ = {
			isa = PBXNativeTarget;
			buildConfigurationList = C6CEB3311D19A12B00C344D0 /* Build configuration list for PBXNativeTarget "Pitch PerfectUITests" */;
			buildPhases = (
				C6CEB31E1D19A12B00C344D0 /* Sources */,
				C6CEB31F1D19A12B00C344D0 /* Frameworks */,
				C6CEB3201D19A12B00C344D0 /* Resources */,
			);
			buildRules = (
			);
			dependencies = (
				C6CEB3241D19A12B00C344D0 /* PBXTargetDependency */,
			);
			name = "Pitch PerfectUITests";
			productName = "Pitch PerfectUITests";
			productReference = C6CEB3221D19A12B00C344D0 /* Pitch PerfectUITests.xctest */;
			productType = "com.apple.product-type.bundle.ui-testing";
		};
/* End PBXNativeTarget section */

/* Begin PBXProject section */
		C6CEB2FB1D19A12B00C344D0 /* Project object */ = {
			isa = PBXProject;
			attributes = {
				LastUpgradeCheck = 0700;
				ORGANIZATIONNAME = "Kevin Casado";
				TargetAttributes = {
					C6CEB3021D19A12B00C344D0 = {
						CreatedOnToolsVersion = 7.0.1;
						DevelopmentTeam = 2G3L7235K6;
					};
					C6CEB3161D19A12B00C344D0 = {
						CreatedOnToolsVersion = 7.0.1;
						TestTargetID = C6CEB3021D19A12B00C344D0;
					};
					C6CEB3211D19A12B00C344D0 = {
						CreatedOnToolsVersion = 7.0.1;
						TestTargetID = C6CEB3021D19A12B00C344D0;
					};
				};
			};
			buildConfigurationList = C6CEB2FE1D19A12B00C344D0 /* Build configuration list for PBXProject "Pitch Perfect" */;
			compatibilityVersion = "Xcode 3.2";
			developmentRegion = English;
			hasScannedForEncodings = 0;
			knownRegions = (
				en,
				Base,
			);
			mainGroup = C6CEB2FA1D19A12B00C344D0;
			productRefGroup = C6CEB3041D19A12B00C344D0 /* Products */;
			projectDirPath = "";
			projectRoot = "";
			targets = (
				C6CEB3021D19A12B00C344D0 /* Pitch Perfect */,
				C6CEB3161D19A12B00C344D0 /* Pitch PerfectTests */,
				C6CEB3211D19A12B00C344D0 /* Pitch PerfectUITests */,
			);
		};
/* End PBXProject section */

/* Begin PBXResourcesBuildPhase section */
		C6CEB3011D19A12B00C344D0 /* Resources */ = {
			isa = PBXResourcesBuildPhase;
			buildActionMask = 2147483647;
			files = (
				C6CEB3111D19A12B00C344D0 /* LaunchScreen.storyboard in Resources */,
				C6CEB30E1D19A12B00C344D0 /* Assets.xcassets in Resources */,
				C6CEB30C1D19A12B00C344D0 /* Main.storyboard in Resources */,
			);
			runOnlyForDeploymentPostprocessing = 0;
		};
		C6CEB3151D19A12B00C344D0 /* Resources */ = {
			isa = PBXResourcesBuildPhase;
			buildActionMask = 2147483647;
			files = (
			);
			runOnlyForDeploymentPostprocessing = 0;
		};
		C6CEB3201D19A12B00C344D0 /* Resources */ = {
			isa = PBXResourcesBuildPhase;
			buildActionMask = 2147483647;
			files = (
			);
			runOnlyForDeploymentPostprocessing = 0;
		};
/* End PBXResourcesBuildPhase section */

/* Begin PBXSourcesBuildPhase section */
		C6CEB2FF1D19A12B00C344D0 /* Sources */ = {
			isa = PBXSourcesBuildPhase;
			buildActionMask = 2147483647;
			files = (
				C6CEB3091D19A12B00C344D0 /* RecordSoundsViewController.swift in Sources */,
				C634D63D1D1C571A00147D3A /* PlaySoundsViewController+Audio.swift in Sources */,
				C634D63B1D1C44FA00147D3A /* PlaySoundsViewController.swift in Sources */,
				C6CEB3071D19A12B00C344D0 /* AppDelegate.swift in Sources */,
			);
			runOnlyForDeploymentPostprocessing = 0;
		};
		C6CEB3131D19A12B00C344D0 /* Sources */ = {
			isa = PBXSourcesBuildPhase;
			buildActionMask = 2147483647;
			files = (
				C6CEB31C1D19A12B00C344D0 /* Pitch_PerfectTests.swift in Sources */,
			);
			runOnlyForDeploymentPostprocessing = 0;
		};
		C6CEB31E1D19A12B00C344D0 /* Sources */ = {
			isa = PBXSourcesBuildPhase;
			buildActionMask = 2147483647;
			files = (
				C6CEB3271D19A12B00C344D0 /* Pitch_PerfectUITests.swift in Sources */,
			);
			runOnlyForDeploymentPostprocessing = 0;
		};
/* End PBXSourcesBuildPhase section */

/* Begin PBXTargetDependency section */
		C6CEB3191D19A12B00C344D0 /* PBXTargetDependency */ = {
			isa = PBXTargetDependency;
			target = C6CEB3021D19A12B00C344D0 /* Pitch Perfect */;
			targetProxy = C6CEB3181D19A12B00C344D0 /* PBXContainerItemProxy */;
		};
		C6CEB3241D19A12B00C344D0 /* PBXTargetDependency */ = {
			isa = PBXTargetDependency;
			target = C6CEB3021D19A12B00C344D0 /* Pitch Perfect */;
			targetProxy = C6CEB3231D19A12B00C344D0 /* PBXContainerItemProxy */;
		};
/* End PBXTargetDependency section */

/* Begin PBXVariantGroup section */
		C6CEB30A1D19A12B00C344D0 /* Main.storyboard */ = {
			isa = PBXVariantGroup;
			children = (
				C6CEB30B1D19A12B00C344D0 /* Base */,
			);
			name = Main.storyboard;
			sourceTree = "<group>";
		};
		C6CEB30F1D19A12B00C344D0 /* LaunchScreen.storyboard */ = {
			isa = PBXVariantGroup;
			children = (
				C6CEB3101D19A12B00C344D0 /* Base */,
			);
			name = LaunchScreen.storyboard;
			sourceTree = "<group>";
		};
/* End PBXVariantGroup section */

/* Begin XCBuildConfiguration section */
		C6CEB3291D19A12B00C344D0 /* Debug */ = {
			isa = XCBuildConfiguration;
			buildSettings = {
				ALWAYS_SEARCH_USER_PATHS = NO;
				CLANG_CXX_LANGUAGE_STANDARD = "gnu++0x";
				CLANG_CXX_LIBRARY = "libc++";
				CLANG_ENABLE_MODULES = YES;
				CLANG_ENABLE_OBJC_ARC = YES;
				CLANG_WARN_BOOL_CONVERSION = YES;
				CLANG_WARN_CONSTANT_CONVERSION = YES;
				CLANG_WARN_DIRECT_OBJC_ISA_USAGE = YES_ERROR;
				CLANG_WARN_EMPTY_BODY = YES;
				CLANG_WARN_ENUM_CONVERSION = YES;
				CLANG_WARN_INT_CONVERSION = YES;
				CLANG_WARN_OBJC_ROOT_CLASS = YES_ERROR;
				CLANG_WARN_UNREACHABLE_CODE = YES;
				CLANG_WARN__DUPLICATE_METHOD_MATCH = YES;
				"CODE_SIGN_IDENTITY[sdk=iphoneos*]" = "iPhone Developer";
				COPY_PHASE_STRIP = NO;
				DEBUG_INFORMATION_FORMAT = dwarf;
				ENABLE_STRICT_OBJC_MSGSEND = YES;
				ENABLE_TESTABILITY = YES;
				GCC_C_LANGUAGE_STANDARD = gnu99;
				GCC_DYNAMIC_NO_PIC = NO;
				GCC_NO_COMMON_BLOCKS = YES;
				GCC_OPTIMIZATION_LEVEL = 0;
				GCC_PREPROCESSOR_DEFINITIONS = (
					"DEBUG=1",
					"$(inherited)",
				);
				GCC_WARN_64_TO_32_BIT_CONVERSION = YES;
				GCC_WARN_ABOUT_RETURN_TYPE = YES_ERROR;
				GCC_WARN_UNDECLARED_SELECTOR = YES;
				GCC_WARN_UNINITIALIZED_AUTOS = YES_AGGRESSIVE;
				GCC_WARN_UNUSED_FUNCTION = YES;
				GCC_WARN_UNUSED_VARIABLE = YES;
				IPHONEOS_DEPLOYMENT_TARGET = 9.0;
				MTL_ENABLE_DEBUG_INFO = YES;
				ONLY_ACTIVE_ARCH = YES;
				SDKROOT = iphoneos;
				SWIFT_OPTIMIZATION_LEVEL = "-Onone";
				TARGETED_DEVICE_FAMILY = "1,2";
			};
			name = Debug;
		};
		C6CEB32A1D19A12B00C344D0 /* Release */ = {
			isa = XCBuildConfiguration;
			buildSettings = {
				ALWAYS_SEARCH_USER_PATHS = NO;
				CLANG_CXX_LANGUAGE_STANDARD = "gnu++0x";
				CLANG_CXX_LIBRARY = "libc++";
				CLANG_ENABLE_MODULES = YES;
				CLANG_ENABLE_OBJC_ARC = YES;
				CLANG_WARN_BOOL_CONVERSION = YES;
				CLANG_WARN_CONSTANT_CONVERSION = YES;
				CLANG_WARN_DIRECT_OBJC_ISA_USAGE = YES_ERROR;
				CLANG_WARN_EMPTY_BODY = YES;
				CLANG_WARN_ENUM_CONVERSION = YES;
				CLANG_WARN_INT_CONVERSION = YES;
				CLANG_WARN_OBJC_ROOT_CLASS = YES_ERROR;
				CLANG_WARN_UNREACHABLE_CODE = YES;
				CLANG_WARN__DUPLICATE_METHOD_MATCH = YES;
				"CODE_SIGN_IDENTITY[sdk=iphoneos*]" = "iPhone Developer";
				COPY_PHASE_STRIP = NO;
				DEBUG_INFORMATION_FORMAT = "dwarf-with-dsym";
				ENABLE_NS_ASSERTIONS = NO;
				ENABLE_STRICT_OBJC_MSGSEND = YES;
				GCC_C_LANGUAGE_STANDARD = gnu99;
				GCC_NO_COMMON_BLOCKS = YES;
				GCC_WARN_64_TO_32_BIT_CONVERSION = YES;
				GCC_WARN_ABOUT_RETURN_TYPE = YES_ERROR;
				GCC_WARN_UNDECLARED_SELECTOR = YES;
				GCC_WARN_UNINITIALIZED_AUTOS = YES_AGGRESSIVE;
				GCC_WARN_UNUSED_FUNCTION = YES;
				GCC_WARN_UNUSED_VARIABLE = YES;
				IPHONEOS_DEPLOYMENT_TARGET = 9.0;
				MTL_ENABLE_DEBUG_INFO = NO;
				SDKROOT = iphoneos;
				TARGETED_DEVICE_FAMILY = "1,2";
				VALIDATE_PRODUCT = YES;
			};
			name = Release;
		};
		C6CEB32C1D19A12B00C344D0 /* Debug */ = {
			isa = XCBuildConfiguration;
			buildSettings = {
				ASSETCATALOG_COMPILER_APPICON_NAME = AppIcon;
				CODE_SIGN_IDENTITY = "iPhone Developer";
				"CODE_SIGN_IDENTITY[sdk=iphoneos*]" = "iPhone Developer";
				INFOPLIST_FILE = "Pitch Perfect/Info.plist";
				LD_RUNPATH_SEARCH_PATHS = "$(inherited) @executable_path/Frameworks";
				PRODUCT_BUNDLE_IDENTIFIER = "com.kevincasado.Pitch-Perfect";
				PRODUCT_NAME = "$(TARGET_NAME)";
				PROVISIONING_PROFILE = "";
			};
			name = Debug;
		};
		C6CEB32D1D19A12B00C344D0 /* Release */ = {
			isa = XCBuildConfiguration;
			buildSettings = {
				ASSETCATALOG_COMPILER_APPICON_NAME = AppIcon;
				CODE_SIGN_IDENTITY = "iPhone Developer";
				"CODE_SIGN_IDENTITY[sdk=iphoneos*]" = "iPhone Developer";
				INFOPLIST_FILE = "Pitch Perfect/Info.plist";
				LD_RUNPATH_SEARCH_PATHS = "$(inherited) @executable_path/Frameworks";
				PRODUCT_BUNDLE_IDENTIFIER = "com.kevincasado.Pitch-Perfect";
				PRODUCT_NAME = "$(TARGET_NAME)";
				PROVISIONING_PROFILE = "";
			};
			name = Release;
		};
		C6CEB32F1D19A12B00C344D0 /* Debug */ = {
			isa = XCBuildConfiguration;
			buildSettings = {
				BUNDLE_LOADER = "$(TEST_HOST)";
				INFOPLIST_FILE = "Pitch PerfectTests/Info.plist";
				LD_RUNPATH_SEARCH_PATHS = "$(inherited) @executable_path/Frameworks @loader_path/Frameworks";
				PRODUCT_BUNDLE_IDENTIFIER = "com.kevincasado.Pitch-PerfectTests";
				PRODUCT_NAME = "$(TARGET_NAME)";
				TEST_HOST = "$(BUILT_PRODUCTS_DIR)/Pitch Perfect.app/Pitch Perfect";
			};
			name = Debug;
		};
		C6CEB3301D19A12B00C344D0 /* Release */ = {
			isa = XCBuildConfiguration;
			buildSettings = {
				BUNDLE_LOADER = "$(TEST_HOST)";
				INFOPLIST_FILE = "Pitch PerfectTests/Info.plist";
				LD_RUNPATH_SEARCH_PATHS = "$(inherited) @executable_path/Frameworks @loader_path/Frameworks";
				PRODUCT_BUNDLE_IDENTIFIER = "com.kevincasado.Pitch-PerfectTests";
				PRODUCT_NAME = "$(TARGET_NAME)";
				TEST_HOST = "$(BUILT_PRODUCTS_DIR)/Pitch Perfect.app/Pitch Perfect";
			};
			name = Release;
		};
		C6CEB3321D19A12B00C344D0 /* Debug */ = {
			isa = XCBuildConfiguration;
			buildSettings = {
				INFOPLIST_FILE = "Pitch PerfectUITests/Info.plist";
				LD_RUNPATH_SEARCH_PATHS = "$(inherited) @executable_path/Frameworks @loader_path/Frameworks";
				PRODUCT_BUNDLE_IDENTIFIER = "com.kevincasado.Pitch-PerfectUITests";
				PRODUCT_NAME = "$(TARGET_NAME)";
				TEST_TARGET_NAME = "Pitch Perfect";
				USES_XCTRUNNER = YES;
			};
			name = Debug;
		};
		C6CEB3331D19A12B00C344D0 /* Release */ = {
			isa = XCBuildConfiguration;
			buildSettings = {
				INFOPLIST_FILE = "Pitch PerfectUITests/Info.plist";
				LD_RUNPATH_SEARCH_PATHS = "$(inherited) @executable_path/Frameworks @loader_path/Frameworks";
				PRODUCT_BUNDLE_IDENTIFIER = "com.kevincasado.Pitch-PerfectUITests";
				PRODUCT_NAME = "$(TARGET_NAME)";
				TEST_TARGET_NAME = "Pitch Perfect";
				USES_XCTRUNNER = YES;
			};
			name = Release;
		};
/* End XCBuildConfiguration section */

/* Begin XCConfigurationList section */
		C6CEB2FE1D19A12B00C344D0 /* Build configuration list for PBXProject "Pitch Perfect" */ = {
			isa = XCConfigurationList;
			buildConfigurations = (
				C6CEB3291D19A12B00C344D0 /* Debug */,
				C6CEB32A1D19A12B00C344D0 /* Release */,
			);
			defaultConfigurationIsVisible = 0;
			defaultConfigurationName = Release;
		};
		C6CEB32B1D19A12B00C344D0 /* Build configuration list for PBXNativeTarget "Pitch Perfect" */ = {
			isa = XCConfigurationList;
			buildConfigurations = (
				C6CEB32C1D19A12B00C344D0 /* Debug */,
				C6CEB32D1D19A12B00C344D0 /* Release */,
			);
			defaultConfigurationIsVisible = 0;
			defaultConfigurationName = Release;
		};
		C6CEB32E1D19A12B00C344D0 /* Build configuration list for PBXNativeTarget "Pitch PerfectTests" */ = {
			isa = XCConfigurationList;
			buildConfigurations = (
				C6CEB32F1D19A12B00C344D0 /* Debug */,
				C6CEB3301D19A12B00C344D0 /* Release */,
			);
			defaultConfigurationIsVisible = 0;
			defaultConfigurationName = Release;
		};
		C6CEB3311D19A12B00C344D0 /* Build configuration list for PBXNativeTarget "Pitch PerfectUITests" */ = {
			isa = XCConfigurationList;
			buildConfigurations = (
				C6CEB3321D19A12B00C344D0 /* Debug */,
				C6CEB3331D19A12B00C344D0 /* Release */,
			);
			defaultConfigurationIsVisible = 0;
			defaultConfigurationName = Release;
		};
/* End XCConfigurationList section */
	};
	rootObject = C6CEB2FB1D19A12B00C344D0 /* Project object */;
}
